// !$*UTF8*$!
{
	archiveVersion = 1;
	classes = {
	};
	objectVersion = 46;
	objects = {

/* Begin PBXBuildFile section */
		1D3931181A7CCAC100287A97 /* AppDelegate.swift in Sources */ = {isa = PBXBuildFile; fileRef = 1D3931171A7CCAC100287A97 /* AppDelegate.swift */; };
		1D39311A1A7CCAC100287A97 /* ViewController.swift in Sources */ = {isa = PBXBuildFile; fileRef = 1D3931191A7CCAC100287A97 /* ViewController.swift */; };
		1D39311D1A7CCAC100287A97 /* Main.storyboard in Resources */ = {isa = PBXBuildFile; fileRef = 1D39311B1A7CCAC100287A97 /* Main.storyboard */; };
		1D39311F1A7CCAC100287A97 /* Images.xcassets in Resources */ = {isa = PBXBuildFile; fileRef = 1D39311E1A7CCAC100287A97 /* Images.xcassets */; };
		1D3931221A7CCAC100287A97 /* LaunchScreen.xib in Resources */ = {isa = PBXBuildFile; fileRef = 1D3931201A7CCAC100287A97 /* LaunchScreen.xib */; };
		1D39312E1A7CCAC100287A97 /* PhotoFiltersTests.swift in Sources */ = {isa = PBXBuildFile; fileRef = 1D39312D1A7CCAC100287A97 /* PhotoFiltersTests.swift */; };
/* End PBXBuildFile section */

/* Begin PBXContainerItemProxy section */
		1D3931281A7CCAC100287A97 /* PBXContainerItemProxy */ = {
			isa = PBXContainerItemProxy;
			containerPortal = 1D39310A1A7CCAC100287A97 /* Project object */;
			proxyType = 1;
			remoteGlobalIDString = 1D3931111A7CCAC100287A97;
			remoteInfo = PhotoFilters;
		};
/* End PBXContainerItemProxy section */

/* Begin PBXFileReference section */
		1D3931121A7CCAC100287A97 /* PhotoFilters.app */ = {isa = PBXFileReference; explicitFileType = wrapper.application; includeInIndex = 0; path = PhotoFilters.app; sourceTree = BUILT_PRODUCTS_DIR; };
		1D3931161A7CCAC100287A97 /* Info.plist */ = {isa = PBXFileReference; lastKnownFileType = text.plist.xml; path = Info.plist; sourceTree = "<group>"; };
		1D3931171A7CCAC100287A97 /* AppDelegate.swift */ = {isa = PBXFileReference; lastKnownFileType = sourcecode.swift; path = AppDelegate.swift; sourceTree = "<group>"; };
		1D3931191A7CCAC100287A97 /* ViewController.swift */ = {isa = PBXFileReference; lastKnownFileType = sourcecode.swift; path = ViewController.swift; sourceTree = "<group>"; };
		1D39311C1A7CCAC100287A97 /* Base */ = {isa = PBXFileReference; lastKnownFileType = file.storyboard; name = Base; path = Base.lproj/Main.storyboard; sourceTree = "<group>"; };
		1D39311E1A7CCAC100287A97 /* Images.xcassets */ = {isa = PBXFileReference; lastKnownFileType = folder.assetcatalog; path = Images.xcassets; sourceTree = "<group>"; };
		1D3931211A7CCAC100287A97 /* Base */ = {isa = PBXFileReference; lastKnownFileType = file.xib; name = Base; path = Base.lproj/LaunchScreen.xib; sourceTree = "<group>"; };
		1D3931271A7CCAC100287A97 /* PhotoFiltersTests.xctest */ = {isa = PBXFileReference; explicitFileType = wrapper.cfbundle; includeInIndex = 0; path = PhotoFiltersTests.xctest; sourceTree = BUILT_PRODUCTS_DIR; };
		1D39312C1A7CCAC100287A97 /* Info.plist */ = {isa = PBXFileReference; lastKnownFileType = text.plist.xml; path = Info.plist; sourceTree = "<group>"; };
		1D39312D1A7CCAC100287A97 /* PhotoFiltersTests.swift */ = {isa = PBXFileReference; lastKnownFileType = sourcecode.swift; path = PhotoFiltersTests.swift; sourceTree = "<group>"; };
/* End PBXFileReference section */

/* Begin PBXFrameworksBuildPhase section */
		1D39310F1A7CCAC100287A97 /* Frameworks */ = {
			isa = PBXFrameworksBuildPhase;
			buildActionMask = 2147483647;
			files = (
			);
			runOnlyForDeploymentPostprocessing = 0;
		};
		1D3931241A7CCAC100287A97 /* Frameworks */ = {
			isa = PBXFrameworksBuildPhase;
			buildActionMask = 2147483647;
			files = (
			);
			runOnlyForDeploymentPostprocessing = 0;
		};
/* End PBXFrameworksBuildPhase section */

/* Begin PBXGroup section */
		1D3931091A7CCAC000287A97 = {
			isa = PBXGroup;
			children = (
				1D3931141A7CCAC100287A97 /* PhotoFilters */,
				1D39312A1A7CCAC100287A97 /* PhotoFiltersTests */,
				1D3931131A7CCAC100287A97 /* Products */,
			);
			sourceTree = "<group>";
		};
		1D3931131A7CCAC100287A97 /* Products */ = {
			isa = PBXGroup;
			children = (
				1D3931121A7CCAC100287A97 /* PhotoFilters.app */,
				1D3931271A7CCAC100287A97 /* PhotoFiltersTests.xctest */,
			);
			name = Products;
			sourceTree = "<group>";
		};
		1D3931141A7CCAC100287A97 /* PhotoFilters */ = {
			isa = PBXGroup;
			children = (
				1D3931171A7CCAC100287A97 /* AppDelegate.swift */,
				1D3931191A7CCAC100287A97 /* ViewController.swift */,
				1D39311B1A7CCAC100287A97 /* Main.storyboard */,
				1D39311E1A7CCAC100287A97 /* Images.xcassets */,
				1D3931201A7CCAC100287A97 /* LaunchScreen.xib */,
				1D3931151A7CCAC100287A97 /* Supporting Files */,
			);
			path = PhotoFilters;
			sourceTree = "<group>";
		};
		1D3931151A7CCAC100287A97 /* Supporting Files */ = {
			isa = PBXGroup;
			children = (
				1D3931161A7CCAC100287A97 /* Info.plist */,
			);
			name = "Supporting Files";
			sourceTree = "<group>";
		};
		1D39312A1A7CCAC100287A97 /* PhotoFiltersTests */ = {
			isa = PBXGroup;
			children = (
				1D39312D1A7CCAC100287A97 /* PhotoFiltersTests.swift */,
				1D39312B1A7CCAC100287A97 /* Supporting Files */,
			);
			path = PhotoFiltersTests;
			sourceTree = "<group>";
		};
		1D39312B1A7CCAC100287A97 /* Supporting Files */ = {
			isa = PBXGroup;
			children = (
				1D39312C1A7CCAC100287A97 /* Info.plist */,
			);
			name = "Supporting Files";
			sourceTree = "<group>";
		};
/* End PBXGroup section */

/* Begin PBXNativeTarget section */
		1D3931111A7CCAC100287A97 /* PhotoFilters */ = {
			isa = PBXNativeTarget;
			buildConfigurationList = 1D3931311A7CCAC100287A97 /* Build configuration list for PBXNativeTarget "PhotoFilters" */;
			buildPhases = (
				1D39310E1A7CCAC100287A97 /* Sources */,
				1D39310F1A7CCAC100287A97 /* Frameworks */,
				1D3931101A7CCAC100287A97 /* Resources */,
			);
			buildRules = (
			);
			dependencies = (
			);
			name = PhotoFilters;
			productName = PhotoFilters;
			productReference = 1D3931121A7CCAC100287A97 /* PhotoFilters.app */;
			productType = "com.apple.product-type.application";
		};
		1D3931261A7CCAC100287A97 /* PhotoFiltersTests */ = {
			isa = PBXNativeTarget;
			buildConfigurationList = 1D3931341A7CCAC100287A97 /* Build configuration list for PBXNativeTarget "PhotoFiltersTests" */;
			buildPhases = (
				1D3931231A7CCAC100287A97 /* Sources */,
				1D3931241A7CCAC100287A97 /* Frameworks */,
				1D3931251A7CCAC100287A97 /* Resources */,
			);
			buildRules = (
			);
			dependencies = (
				1D3931291A7CCAC100287A97 /* PBXTargetDependency */,
			);
			name = PhotoFiltersTests;
			productName = PhotoFiltersTests;
			productReference = 1D3931271A7CCAC100287A97 /* PhotoFiltersTests.xctest */;
			productType = "com.apple.product-type.bundle.unit-test";
		};
/* End PBXNativeTarget section */

/* Begin PBXProject section */
		1D39310A1A7CCAC100287A97 /* Project object */ = {
			isa = PBXProject;
			attributes = {
				LastUpgradeCheck = 0610;
				ORGANIZATIONNAME = cl2;
				TargetAttributes = {
					1D3931111A7CCAC100287A97 = {
						CreatedOnToolsVersion = 6.1.1;
					};
					1D3931261A7CCAC100287A97 = {
						CreatedOnToolsVersion = 6.1.1;
						TestTargetID = 1D3931111A7CCAC100287A97;
					};
				};
			};
			buildConfigurationList = 1D39310D1A7CCAC100287A97 /* Build configuration list for PBXProject "PhotoFilters" */;
			compatibilityVersion = "Xcode 3.2";
			developmentRegion = English;
			hasScannedForEncodings = 0;
			knownRegions = (
				en,
				Base,
			);
			mainGroup = 1D3931091A7CCAC000287A97;
			productRefGroup = 1D3931131A7CCAC100287A97 /* Products */;
			projectDirPath = "";
			projectRoot = "";
			targets = (
				1D3931111A7CCAC100287A97 /* PhotoFilters */,
				1D3931261A7CCAC100287A97 /* PhotoFiltersTests */,
			);
		};
/* End PBXProject section */

/* Begin PBXResourcesBuildPhase section */
		1D3931101A7CCAC100287A97 /* Resources */ = {
			isa = PBXResourcesBuildPhase;
			buildActionMask = 2147483647;
			files = (
				1D39311D1A7CCAC100287A97 /* Main.storyboard in Resources */,
				1D3931221A7CCAC100287A97 /* LaunchScreen.xib in Resources */,
				1D39311F1A7CCAC100287A97 /* Images.xcassets in Resources */,
			);
			runOnlyForDeploymentPostprocessing = 0;
		};
		1D3931251A7CCAC100287A97 /* Resources */ = {
			isa = PBXResourcesBuildPhase;
			buildActionMask = 2147483647;
			files = (
			);
			runOnlyForDeploymentPostprocessing = 0;
		};
/* End PBXResourcesBuildPhase section */

/* Begin PBXSourcesBuildPhase section */
		1D39310E1A7CCAC100287A97 /* Sources */ = {
			isa = PBXSourcesBuildPhase;
			buildActionMask = 2147483647;
			files = (
				1D39311A1A7CCAC100287A97 /* ViewController.swift in Sources */,
				1D3931181A7CCAC100287A97 /* AppDelegate.swift in Sources */,
			);
			runOnlyForDeploymentPostprocessing = 0;
		};
		1D3931231A7CCAC100287A97 /* Sources */ = {
			isa = PBXSourcesBuildPhase;
			buildActionMask = 2147483647;
			files = (
				1D39312E1A7CCAC100287A97 /* PhotoFiltersTests.swift in Sources */,
			);
			runOnlyForDeploymentPostprocessing = 0;
		};
/* End PBXSourcesBuildPhase section */

/* Begin PBXTargetDependency section */
		1D3931291A7CCAC100287A97 /* PBXTargetDependency */ = {
			isa = PBXTargetDependency;
			target = 1D3931111A7CCAC100287A97 /* PhotoFilters */;
			targetProxy = 1D3931281A7CCAC100287A97 /* PBXContainerItemProxy */;
		};
/* End PBXTargetDependency section */

/* Begin PBXVariantGroup section */
		1D39311B1A7CCAC100287A97 /* Main.storyboard */ = {
			isa = PBXVariantGroup;
			children = (
				1D39311C1A7CCAC100287A97 /* Base */,
			);
			name = Main.storyboard;
			sourceTree = "<group>";
		};
		1D3931201A7CCAC100287A97 /* LaunchScreen.xib */ = {
			isa = PBXVariantGroup;
			children = (
				1D3931211A7CCAC100287A97 /* Base */,
			);
			name = LaunchScreen.xib;
			sourceTree = "<group>";
		};
/* End PBXVariantGroup section */

/* Begin XCBuildConfiguration section */
		1D39312F1A7CCAC100287A97 /* Debug */ = {
			isa = XCBuildConfiguration;
			buildSettings = {
				ALWAYS_SEARCH_USER_PATHS = NO;
				CLANG_CXX_LANGUAGE_STANDARD = "gnu++0x";
				CLANG_CXX_LIBRARY = "libc++";
				CLANG_ENABLE_MODULES = YES;
				CLANG_ENABLE_OBJC_ARC = YES;
				CLANG_WARN_BOOL_CONVERSION = YES;
				CLANG_WARN_CONSTANT_CONVERSION = YES;
				CLANG_WARN_DIRECT_OBJC_ISA_USAGE = YES_ERROR;
				CLANG_WARN_EMPTY_BODY = YES;
				CLANG_WARN_ENUM_CONVERSION = YES;
				CLANG_WARN_INT_CONVERSION = YES;
				CLANG_WARN_OBJC_ROOT_CLASS = YES_ERROR;
				CLANG_WARN_UNREACHABLE_CODE = YES;
				CLANG_WARN__DUPLICATE_METHOD_MATCH = YES;
				"CODE_SIGN_IDENTITY[sdk=iphoneos*]" = "iPhone Developer";
				COPY_PHASE_STRIP = NO;
				ENABLE_STRICT_OBJC_MSGSEND = YES;
				GCC_C_LANGUAGE_STANDARD = gnu99;
				GCC_DYNAMIC_NO_PIC = NO;
				GCC_OPTIMIZATION_LEVEL = 0;
				GCC_PREPROCESSOR_DEFINITIONS = (
					"DEBUG=1",
					"$(inherited)",
				);
				GCC_SYMBOLS_PRIVATE_EXTERN = NO;
				GCC_WARN_64_TO_32_BIT_CONVERSION = YES;
				GCC_WARN_ABOUT_RETURN_TYPE = YES_ERROR;
				GCC_WARN_UNDECLARED_SELECTOR = YES;
				GCC_WARN_UNINITIALIZED_AUTOS = YES_AGGRESSIVE;
				GCC_WARN_UNUSED_FUNCTION = YES;
				GCC_WARN_UNUSED_VARIABLE = YES;
				IPHONEOS_DEPLOYMENT_TARGET = 8.1;
				MTL_ENABLE_DEBUG_INFO = YES;
				ONLY_ACTIVE_ARCH = YES;
				SDKROOT = iphoneos;
				SWIFT_OPTIMIZATION_LEVEL = "-Onone";
				TARGETED_DEVICE_FAMILY = "1,2";
			};
			name = Debug;
		};
		1D3931301A7CCAC100287A97 /* Release */ = {
			isa = XCBuildConfiguration;
			buildSettings = {
				ALWAYS_SEARCH_USER_PATHS = NO;
				CLANG_CXX_LANGUAGE_STANDARD = "gnu++0x";
				CLANG_CXX_LIBRARY = "libc++";
				CLANG_ENABLE_MODULES = YES;
				CLANG_ENABLE_OBJC_ARC = YES;
				CLANG_WARN_BOOL_CONVERSION = YES;
				CLANG_WARN_CONSTANT_CONVERSION = YES;
				CLANG_WARN_DIRECT_OBJC_ISA_USAGE = YES_ERROR;
				CLANG_WARN_EMPTY_BODY = YES;
				CLANG_WARN_ENUM_CONVERSION = YES;
				CLANG_WARN_INT_CONVERSION = YES;
				CLANG_WARN_OBJC_ROOT_CLASS = YES_ERROR;
				CLANG_WARN_UNREACHABLE_CODE = YES;
				CLANG_WARN__DUPLICATE_METHOD_MATCH = YES;
				"CODE_SIGN_IDENTITY[sdk=iphoneos*]" = "iPhone Developer";
				COPY_PHASE_STRIP = YES;
				ENABLE_NS_ASSERTIONS = NO;
				ENABLE_STRICT_OBJC_MSGSEND = YES;
				GCC_C_LANGUAGE_STANDARD = gnu99;
				GCC_WARN_64_TO_32_BIT_CONVERSION = YES;
				GCC_WARN_ABOUT_RETURN_TYPE = YES_ERROR;
				GCC_WARN_UNDECLARED_SELECTOR = YES;
				GCC_WARN_UNINITIALIZED_AUTOS = YES_AGGRESSIVE;
				GCC_WARN_UNUSED_FUNCTION = YES;
				GCC_WARN_UNUSED_VARIABLE = YES;
				IPHONEOS_DEPLOYMENT_TARGET = 8.1;
				MTL_ENABLE_DEBUG_INFO = NO;
				SDKROOT = iphoneos;
				TARGETED_DEVICE_FAMILY = "1,2";
				VALIDATE_PRODUCT = YES;
			};
			name = Release;
		};
		1D3931321A7CCAC100287A97 /* Debug */ = {
			isa = XCBuildConfiguration;
			buildSettings = {
				ASSETCATALOG_COMPILER_APPICON_NAME = AppIcon;
				INFOPLIST_FILE = PhotoFilters/Info.plist;
				LD_RUNPATH_SEARCH_PATHS = "$(inherited) @executable_path/Frameworks";
				PRODUCT_NAME = "$(TARGET_NAME)";
			};
			name = Debug;
		};
		1D3931331A7CCAC100287A97 /* Release */ = {
			isa = XCBuildConfiguration;
			buildSettings = {
				ASSETCATALOG_COMPILER_APPICON_NAME = AppIcon;
				INFOPLIST_FILE = PhotoFilters/Info.plist;
				LD_RUNPATH_SEARCH_PATHS = "$(inherited) @executable_path/Frameworks";
				PRODUCT_NAME = "$(TARGET_NAME)";
			};
			name = Release;
		};
		1D3931351A7CCAC100287A97 /* Debug */ = {
			isa = XCBuildConfiguration;
			buildSettings = {
				BUNDLE_LOADER = "$(TEST_HOST)";
				FRAMEWORK_SEARCH_PATHS = (
					"$(SDKROOT)/Developer/Library/Frameworks",
					"$(inherited)",
				);
				GCC_PREPROCESSOR_DEFINITIONS = (
					"DEBUG=1",
					"$(inherited)",
				);
				INFOPLIST_FILE = PhotoFiltersTests/Info.plist;
				LD_RUNPATH_SEARCH_PATHS = "$(inherited) @executable_path/Frameworks @loader_path/Frameworks";
				PRODUCT_NAME = "$(TARGET_NAME)";
				TEST_HOST = "$(BUILT_PRODUCTS_DIR)/PhotoFilters.app/PhotoFilters";
			};
			name = Debug;
		};
		1D3931361A7CCAC100287A97 /* Release */ = {
			isa = XCBuildConfiguration;
			buildSettings = {
				BUNDLE_LOADER = "$(TEST_HOST)";
				FRAMEWORK_SEARCH_PATHS = (
					"$(SDKROOT)/Developer/Library/Frameworks",
					"$(inherited)",
				);
				INFOPLIST_FILE = PhotoFiltersTests/Info.plist;
				LD_RUNPATH_SEARCH_PATHS = "$(inherited) @executable_path/Frameworks @loader_path/Frameworks";
				PRODUCT_NAME = "$(TARGET_NAME)";
				TEST_HOST = "$(BUILT_PRODUCTS_DIR)/PhotoFilters.app/PhotoFilters";
			};
			name = Release;
		};
/* End XCBuildConfiguration section */

/* Begin XCConfigurationList section */
		1D39310D1A7CCAC100287A97 /* Build configuration list for PBXProject "PhotoFilters" */ = {
			isa = XCConfigurationList;
			buildConfigurations = (
				1D39312F1A7CCAC100287A97 /* Debug */,
				1D3931301A7CCAC100287A97 /* Release */,
			);
			defaultConfigurationIsVisible = 0;
			defaultConfigurationName = Release;
		};
		1D3931311A7CCAC100287A97 /* Build configuration list for PBXNativeTarget "PhotoFilters" */ = {
			isa = XCConfigurationList;
			buildConfigurations = (
				1D3931321A7CCAC100287A97 /* Debug */,
				1D3931331A7CCAC100287A97 /* Release */,
			);
			defaultConfigurationIsVisible = 0;
		};
		1D3931341A7CCAC100287A97 /* Build configuration list for PBXNativeTarget "PhotoFiltersTests" */ = {
			isa = XCConfigurationList;
			buildConfigurations = (
				1D3931351A7CCAC100287A97 /* Debug */,
				1D3931361A7CCAC100287A97 /* Release */,
			);
			defaultConfigurationIsVisible = 0;
		};
/* End XCConfigurationList section */
	};
	rootObject = 1D39310A1A7CCAC100287A97 /* Project object */;
}
